
Microsoft Visual Studio Solution File, Format Version 12.00
# Visual Studio Version 17
VisualStudioVersion = 17.8.34205.153
MinimumVisualStudioVersion = 10.0.40219.1
Project("{9A19103F-16F7-4668-BE54-9A1E7A4F7556}") = "Finance", "Finance\Finance.csproj", "{1AF0FAE4-68D7-4095-8D6C-4B3E0B211CFD}"
EndProject
Global
	GlobalSection(SolutionConfigurationPlatforms) = preSolution
		Debug|Any CPU = Debug|Any CPU
		Release|Any CPU = Release|Any CPU
	EndGlobalSection
	GlobalSection(ProjectConfigurationPlatforms) = postSolution
		{1AF0FAE4-68D7-4095-8D6C-4B3E0B211CFD}.Debug|Any CPU.ActiveCfg = Debug|Any CPU
		{1AF0FAE4-68D7-4095-8D6C-4B3E0B211CFD}.Debug|Any CPU.Build.0 = Debug|Any CPU
		{1AF0FAE4-68D7-4095-8D6C-4B3E0B211CFD}.Debug|Any CPU.Deploy.0 = Debug|Any CPU
		{1AF0FAE4-68D7-4095-8D6C-4B3E0B211CFD}.Release|Any CPU.ActiveCfg = Release|Any CPU
		{1AF0FAE4-68D7-4095-8D6C-4B3E0B211CFD}.Release|Any CPU.Build.0 = Release|Any CPU
		{1AF0FAE4-68D7-4095-8D6C-4B3E0B211CFD}.Release|Any CPU.Deploy.0 = Release|Any CPU
	EndGlobalSection
	GlobalSection(SolutionProperties) = preSolution
		HideSolutionNode = FALSE
	EndGlobalSection
	GlobalSection(ExtensibilityGlobals) = postSolution
		SolutionGuid = {190DF442-607D-46E5-A639-ED49E121C641}
	EndGlobalSection
EndGlobal
